
Microsoft Visual Studio Solution File, Format Version 12.00
# Visual Studio Version 17
VisualStudioVersion = 17.0.32014.148
MinimumVisualStudioVersion = 10.0.40219.1
Project("{FAE04EC0-301F-11D3-BF4B-00C04F79EFBC}") = "api", "api.csproj", "{C42F7D8A-47DE-4226-991F-65A416CB6712}"
EndProject
Global
	GlobalSection(SolutionConfigurationPlatforms) = preSolution
		Debug|Any CPU = Debug|Any CPU
		Release|Any CPU = Release|Any CPU
	EndGlobalSection
	GlobalSection(ProjectConfigurationPlatforms) = postSolution
		{C42F7D8A-47DE-4226-991F-65A416CB6712}.Debug|Any CPU.ActiveCfg = Debug|Any CPU
		{C42F7D8A-47DE-4226-991F-65A416CB6712}.Debug|Any CPU.Build.0 = Debug|Any CPU
		{C42F7D8A-47DE-4226-991F-65A416CB6712}.Release|Any CPU.ActiveCfg = Release|Any CPU
		{C42F7D8A-47DE-4226-991F-65A416CB6712}.Release|Any CPU.Build.0 = Release|Any CPU
	EndGlobalSection
	GlobalSection(SolutionProperties) = preSolution
		HideSolutionNode = FALSE
	EndGlobalSection
	GlobalSection(ExtensibilityGlobals) = postSolution
		SolutionGuid = {E34EE27D-49F5-454C-BECF-F42C07F6EB48}
	EndGlobalSection
EndGlobal
